
Microsoft Visual Studio Solution File, Format Version 12.00
# Visual Studio 2013
VisualStudioVersion = 12.0.21005.1
MinimumVisualStudioVersion = 10.0.40219.1
Project("{FAE04EC0-301F-11D3-BF4B-00C04F79EFBC}") = "tshirt", "tshirt\tshirt.csproj", "{2173A382-142D-498B-8201-7295958DFA57}"
EndProject
Project("{FAE04EC0-301F-11D3-BF4B-00C04F79EFBC}") = "tshirt.Core", "tshirt.Core\tshirt.Core.csproj", "{71237E1C-D79F-47EC-9728-30B85149D4D7}"
EndProject
Global
	GlobalSection(SolutionConfigurationPlatforms) = preSolution
		Debug|Any CPU = Debug|Any CPU
		Release|Any CPU = Release|Any CPU
	EndGlobalSection
	GlobalSection(ProjectConfigurationPlatforms) = postSolution
		{2173A382-142D-498B-8201-7295958DFA57}.Debug|Any CPU.ActiveCfg = Debug|Any CPU
		{2173A382-142D-498B-8201-7295958DFA57}.Debug|Any CPU.Build.0 = Debug|Any CPU
		{2173A382-142D-498B-8201-7295958DFA57}.Release|Any CPU.ActiveCfg = Release|Any CPU
		{2173A382-142D-498B-8201-7295958DFA57}.Release|Any CPU.Build.0 = Release|Any CPU
		{71237E1C-D79F-47EC-9728-30B85149D4D7}.Debug|Any CPU.ActiveCfg = Debug|Any CPU
		{71237E1C-D79F-47EC-9728-30B85149D4D7}.Debug|Any CPU.Build.0 = Debug|Any CPU
		{71237E1C-D79F-47EC-9728-30B85149D4D7}.Release|Any CPU.ActiveCfg = Release|Any CPU
		{71237E1C-D79F-47EC-9728-30B85149D4D7}.Release|Any CPU.Build.0 = Release|Any CPU
	EndGlobalSection
	GlobalSection(SolutionProperties) = preSolution
		HideSolutionNode = FALSE
	EndGlobalSection
EndGlobal
